// !$*UTF8*$!
{
	archiveVersion = 1;
	classes = {
	};
	objectVersion = 50;
	objects = {

/* Begin PBXBuildFile section */
		18FCB10323EBDCDF005F85CC /* AppDelegate.swift in Sources */ = {isa = PBXBuildFile; fileRef = 18FCB10223EBDCDF005F85CC /* AppDelegate.swift */; };
		18FCB10523EBDCDF005F85CC /* SceneDelegate.swift in Sources */ = {isa = PBXBuildFile; fileRef = 18FCB10423EBDCDF005F85CC /* SceneDelegate.swift */; };
		18FCB10723EBDCDF005F85CC /* ViewController.swift in Sources */ = {isa = PBXBuildFile; fileRef = 18FCB10623EBDCDF005F85CC /* ViewController.swift */; };
		18FCB10A23EBDCE0005F85CC /* Main.storyboard in Resources */ = {isa = PBXBuildFile; fileRef = 18FCB10823EBDCE0005F85CC /* Main.storyboard */; };
		18FCB10C23EBDCE6005F85CC /* Assets.xcassets in Resources */ = {isa = PBXBuildFile; fileRef = 18FCB10B23EBDCE6005F85CC /* Assets.xcassets */; };
		18FCB10F23EBDCE6005F85CC /* LaunchScreen.storyboard in Resources */ = {isa = PBXBuildFile; fileRef = 18FCB10D23EBDCE6005F85CC /* LaunchScreen.storyboard */; };
/* End PBXBuildFile section */

/* Begin PBXFileReference section */
		18FCB0FF23EBDCDF005F85CC /* Hellow World.app */ = {isa = PBXFileReference; explicitFileType = wrapper.application; includeInIndex = 0; path = "Hellow World.app"; sourceTree = BUILT_PRODUCTS_DIR; };
		18FCB10223EBDCDF005F85CC /* AppDelegate.swift */ = {isa = PBXFileReference; lastKnownFileType = sourcecode.swift; path = AppDelegate.swift; sourceTree = "<group>"; };
		18FCB10423EBDCDF005F85CC /* SceneDelegate.swift */ = {isa = PBXFileReference; lastKnownFileType = sourcecode.swift; path = SceneDelegate.swift; sourceTree = "<group>"; };
		18FCB10623EBDCDF005F85CC /* ViewController.swift */ = {isa = PBXFileReference; lastKnownFileType = sourcecode.swift; path = ViewController.swift; sourceTree = "<group>"; };
		18FCB10923EBDCE0005F85CC /* Base */ = {isa = PBXFileReference; lastKnownFileType = file.storyboard; name = Base; path = Base.lproj/Main.storyboard; sourceTree = "<group>"; };
		18FCB10B23EBDCE6005F85CC /* Assets.xcassets */ = {isa = PBXFileReference; lastKnownFileType = folder.assetcatalog; path = Assets.xcassets; sourceTree = "<group>"; };
		18FCB10E23EBDCE6005F85CC /* Base */ = {isa = PBXFileReference; lastKnownFileType = file.storyboard; name = Base; path = Base.lproj/LaunchScreen.storyboard; sourceTree = "<group>"; };
		18FCB11023EBDCE6005F85CC /* Info.plist */ = {isa = PBXFileReference; lastKnownFileType = text.plist.xml; path = Info.plist; sourceTree = "<group>"; };
/* End PBXFileReference section */

/* Begin PBXFrameworksBuildPhase section */
		18FCB0FC23EBDCDF005F85CC /* Frameworks */ = {
			isa = PBXFrameworksBuildPhase;
			buildActionMask = 2147483647;
			files = (
			);
			runOnlyForDeploymentPostprocessing = 0;
		};
/* End PBXFrameworksBuildPhase section */

/* Begin PBXGroup section */
		18FCB0F623EBDCDF005F85CC = {
			isa = PBXGroup;
			children = (
				18FCB10123EBDCDF005F85CC /* Hellow World */,
				18FCB10023EBDCDF005F85CC /* Products */,
			);
			sourceTree = "<group>";
		};
		18FCB10023EBDCDF005F85CC /* Products */ = {
			isa = PBXGroup;
			children = (
				18FCB0FF23EBDCDF005F85CC /* Hellow World.app */,
			);
			name = Products;
			sourceTree = "<group>";
		};
		18FCB10123EBDCDF005F85CC /* Hellow World */ = {
			isa = PBXGroup;
			children = (
				18FCB10223EBDCDF005F85CC /* AppDelegate.swift */,
				18FCB10423EBDCDF005F85CC /* SceneDelegate.swift */,
				18FCB10623EBDCDF005F85CC /* ViewController.swift */,
				18FCB10823EBDCE0005F85CC /* Main.storyboard */,
				18FCB10B23EBDCE6005F85CC /* Assets.xcassets */,
				18FCB10D23EBDCE6005F85CC /* LaunchScreen.storyboard */,
				18FCB11023EBDCE6005F85CC /* Info.plist */,
			);
			path = "Hellow World";
			sourceTree = "<group>";
		};
/* End PBXGroup section */

/* Begin PBXNativeTarget section */
		18FCB0FE23EBDCDF005F85CC /* Hellow World */ = {
			isa = PBXNativeTarget;
			buildConfigurationList = 18FCB11323EBDCE6005F85CC /* Build configuration list for PBXNativeTarget "Hellow World" */;
			buildPhases = (
				18FCB0FB23EBDCDF005F85CC /* Sources */,
				18FCB0FC23EBDCDF005F85CC /* Frameworks */,
				18FCB0FD23EBDCDF005F85CC /* Resources */,
			);
			buildRules = (
			);
			dependencies = (
			);
			name = "Hellow World";
			productName = "Hellow World";
			productReference = 18FCB0FF23EBDCDF005F85CC /* Hellow World.app */;
			productType = "com.apple.product-type.application";
		};
/* End PBXNativeTarget section */

/* Begin PBXProject section */
		18FCB0F723EBDCDF005F85CC /* Project object */ = {
			isa = PBXProject;
			attributes = {
				LastSwiftUpdateCheck = 1110;
				LastUpgradeCheck = 1110;
				ORGANIZATIONNAME = yo.sato;
				TargetAttributes = {
					18FCB0FE23EBDCDF005F85CC = {
						CreatedOnToolsVersion = 11.1;
					};
				};
			};
			buildConfigurationList = 18FCB0FA23EBDCDF005F85CC /* Build configuration list for PBXProject "Hellow World" */;
			compatibilityVersion = "Xcode 9.3";
			developmentRegion = en;
			hasScannedForEncodings = 0;
			knownRegions = (
				en,
				Base,
			);
			mainGroup = 18FCB0F623EBDCDF005F85CC;
			productRefGroup = 18FCB10023EBDCDF005F85CC /* Products */;
			projectDirPath = "";
			projectRoot = "";
			targets = (
				18FCB0FE23EBDCDF005F85CC /* Hellow World */,
			);
		};
/* End PBXProject section */

/* Begin PBXResourcesBuildPhase section */
		18FCB0FD23EBDCDF005F85CC /* Resources */ = {
			isa = PBXResourcesBuildPhase;
			buildActionMask = 2147483647;
			files = (
				18FCB10F23EBDCE6005F85CC /* LaunchScreen.storyboard in Resources */,
				18FCB10C23EBDCE6005F85CC /* Assets.xcassets in Resources */,
				18FCB10A23EBDCE0005F85CC /* Main.storyboard in Resources */,
			);
			runOnlyForDeploymentPostprocessing = 0;
		};
/* End PBXResourcesBuildPhase section */

/* Begin PBXSourcesBuildPhase section */
		18FCB0FB23EBDCDF005F85CC /* Sources */ = {
			isa = PBXSourcesBuildPhase;
			buildActionMask = 2147483647;
			files = (
				18FCB10723EBDCDF005F85CC /* ViewController.swift in Sources */,
				18FCB10323EBDCDF005F85CC /* AppDelegate.swift in Sources */,
				18FCB10523EBDCDF005F85CC /* SceneDelegate.swift in Sources */,
			);
			runOnlyForDeploymentPostprocessing = 0;
		};
/* End PBXSourcesBuildPhase section */

/* Begin PBXVariantGroup section */
		18FCB10823EBDCE0005F85CC /* Main.storyboard */ = {
			isa = PBXVariantGroup;
			children = (
				18FCB10923EBDCE0005F85CC /* Base */,
			);
			name = Main.storyboard;
			sourceTree = "<group>";
		};
		18FCB10D23EBDCE6005F85CC /* LaunchScreen.storyboard */ = {
			isa = PBXVariantGroup;
			children = (
				18FCB10E23EBDCE6005F85CC /* Base */,
			);
			name = LaunchScreen.storyboard;
			sourceTree = "<group>";
		};
/* End PBXVariantGroup section */

/* Begin XCBuildConfiguration section */
		18FCB11123EBDCE6005F85CC /* Debug */ = {
			isa = XCBuildConfiguration;
			buildSettings = {
				ALWAYS_SEARCH_USER_PATHS = NO;
				CLANG_ANALYZER_NONNULL = YES;
				CLANG_ANALYZER_NUMBER_OBJECT_CONVERSION = YES_AGGRESSIVE;
				CLANG_CXX_LANGUAGE_STANDARD = "gnu++14";
				CLANG_CXX_LIBRARY = "libc++";
				CLANG_ENABLE_MODULES = YES;
				CLANG_ENABLE_OBJC_ARC = YES;
				CLANG_ENABLE_OBJC_WEAK = YES;
				CLANG_WARN_BLOCK_CAPTURE_AUTORELEASING = YES;
				CLANG_WARN_BOOL_CONVERSION = YES;
				CLANG_WARN_COMMA = YES;
				CLANG_WARN_CONSTANT_CONVERSION = YES;
				CLANG_WARN_DEPRECATED_OBJC_IMPLEMENTATIONS = YES;
				CLANG_WARN_DIRECT_OBJC_ISA_USAGE = YES_ERROR;
				CLANG_WARN_DOCUMENTATION_COMMENTS = YES;
				CLANG_WARN_EMPTY_BODY = YES;
				CLANG_WARN_ENUM_CONVERSION = YES;
				CLANG_WARN_INFINITE_RECURSION = YES;
				CLANG_WARN_INT_CONVERSION = YES;
				CLANG_WARN_NON_LITERAL_NULL_CONVERSION = YES;
				CLANG_WARN_OBJC_IMPLICIT_RETAIN_SELF = YES;
				CLANG_WARN_OBJC_LITERAL_CONVERSION = YES;
				CLANG_WARN_OBJC_ROOT_CLASS = YES_ERROR;
				CLANG_WARN_RANGE_LOOP_ANALYSIS = YES;
				CLANG_WARN_STRICT_PROTOTYPES = YES;
				CLANG_WARN_SUSPICIOUS_MOVE = YES;
				CLANG_WARN_UNGUARDED_AVAILABILITY = YES_AGGRESSIVE;
				CLANG_WARN_UNREACHABLE_CODE = YES;
				CLANG_WARN__DUPLICATE_METHOD_MATCH = YES;
				COPY_PHASE_STRIP = NO;
				DEBUG_INFORMATION_FORMAT = dwarf;
				ENABLE_STRICT_OBJC_MSGSEND = YES;
				ENABLE_TESTABILITY = YES;
				GCC_C_LANGUAGE_STANDARD = gnu11;
				GCC_DYNAMIC_NO_PIC = NO;
				GCC_NO_COMMON_BLOCKS = YES;
				GCC_OPTIMIZATION_LEVEL = 0;
				GCC_PREPROCESSOR_DEFINITIONS = (
					"DEBUG=1",
					"$(inherited)",
				);
				GCC_WARN_64_TO_32_BIT_CONVERSION = YES;
				GCC_WARN_ABOUT_RETURN_TYPE = YES_ERROR;
				GCC_WARN_UNDECLARED_SELECTOR = YES;
				GCC_WARN_UNINITIALIZED_AUTOS = YES_AGGRESSIVE;
				GCC_WARN_UNUSED_FUNCTION = YES;
				GCC_WARN_UNUSED_VARIABLE = YES;
				IPHONEOS_DEPLOYMENT_TARGET = 13.1;
				MTL_ENABLE_DEBUG_INFO = INCLUDE_SOURCE;
				MTL_FAST_MATH = YES;
				ONLY_ACTIVE_ARCH = YES;
				SDKROOT = iphoneos;
				SWIFT_ACTIVE_COMPILATION_CONDITIONS = DEBUG;
				SWIFT_OPTIMIZATION_LEVEL = "-Onone";
			};
			name = Debug;
		};
		18FCB11223EBDCE6005F85CC /* Release */ = {
			isa = XCBuildConfiguration;
			buildSettings = {
				ALWAYS_SEARCH_USER_PATHS = NO;
				CLANG_ANALYZER_NONNULL = YES;
				CLANG_ANALYZER_NUMBER_OBJECT_CONVERSION = YES_AGGRESSIVE;
				CLANG_CXX_LANGUAGE_STANDARD = "gnu++14";
				CLANG_CXX_LIBRARY = "libc++";
				CLANG_ENABLE_MODULES = YES;
				CLANG_ENABLE_OBJC_ARC = YES;
				CLANG_ENABLE_OBJC_WEAK = YES;
				CLANG_WARN_BLOCK_CAPTURE_AUTORELEASING = YES;
				CLANG_WARN_BOOL_CONVERSION = YES;
				CLANG_WARN_COMMA = YES;
				CLANG_WARN_CONSTANT_CONVERSION = YES;
				CLANG_WARN_DEPRECATED_OBJC_IMPLEMENTATIONS = YES;
				CLANG_WARN_DIRECT_OBJC_ISA_USAGE = YES_ERROR;
				CLANG_WARN_DOCUMENTATION_COMMENTS = YES;
				CLANG_WARN_EMPTY_BODY = YES;
				CLANG_WARN_ENUM_CONVERSION = YES;
				CLANG_WARN_INFINITE_RECURSION = YES;
				CLANG_WARN_INT_CONVERSION = YES;
				CLANG_WARN_NON_LITERAL_NULL_CONVERSION = YES;
				CLANG_WARN_OBJC_IMPLICIT_RETAIN_SELF = YES;
				CLANG_WARN_OBJC_LITERAL_CONVERSION = YES;
				CLANG_WARN_OBJC_ROOT_CLASS = YES_ERROR;
				CLANG_WARN_RANGE_LOOP_ANALYSIS = YES;
				CLANG_WARN_STRICT_PROTOTYPES = YES;
				CLANG_WARN_SUSPICIOUS_MOVE = YES;
				CLANG_WARN_UNGUARDED_AVAILABILITY = YES_AGGRESSIVE;
				CLANG_WARN_UNREACHABLE_CODE = YES;
				CLANG_WARN__DUPLICATE_METHOD_MATCH = YES;
				COPY_PHASE_STRIP = NO;
				DEBUG_INFORMATION_FORMAT = "dwarf-with-dsym";
				ENABLE_NS_ASSERTIONS = NO;
				ENABLE_STRICT_OBJC_MSGSEND = YES;
				GCC_C_LANGUAGE_STANDARD = gnu11;
				GCC_NO_COMMON_BLOCKS = YES;
				GCC_WARN_64_TO_32_BIT_CONVERSION = YES;
				GCC_WARN_ABOUT_RETURN_TYPE = YES_ERROR;
				GCC_WARN_UNDECLARED_SELECTOR = YES;
				GCC_WARN_UNINITIALIZED_AUTOS = YES_AGGRESSIVE;
				GCC_WARN_UNUSED_FUNCTION = YES;
				GCC_WARN_UNUSED_VARIABLE = YES;
				IPHONEOS_DEPLOYMENT_TARGET = 13.1;
				MTL_ENABLE_DEBUG_INFO = NO;
				MTL_FAST_MATH = YES;
				SDKROOT = iphoneos;
				SWIFT_COMPILATION_MODE = wholemodule;
				SWIFT_OPTIMIZATION_LEVEL = "-O";
				VALIDATE_PRODUCT = YES;
			};
			name = Release;
		};
		18FCB11423EBDCE6005F85CC /* Debug */ = {
			isa = XCBuildConfiguration;
			buildSettings = {
				ASSETCATALOG_COMPILER_APPICON_NAME = AppIcon;
				CODE_SIGN_STYLE = Automatic;
				INFOPLIST_FILE = "Hellow World/Info.plist";
				LD_RUNPATH_SEARCH_PATHS = (
					"$(inherited)",
					"@executable_path/Frameworks",
				);
				PRODUCT_BUNDLE_IDENTIFIER = "jp.techacademy.yo.sato.Hellow-World";
				PRODUCT_NAME = "$(TARGET_NAME)";
				SWIFT_VERSION = 5.0;
				TARGETED_DEVICE_FAMILY = "1,2";
			};
			name = Debug;
		};
		18FCB11523EBDCE6005F85CC /* Release */ = {
			isa = XCBuildConfiguration;
			buildSettings = {
				ASSETCATALOG_COMPILER_APPICON_NAME = AppIcon;
				CODE_SIGN_STYLE = Automatic;
				INFOPLIST_FILE = "Hellow World/Info.plist";
				LD_RUNPATH_SEARCH_PATHS = (
					"$(inherited)",
					"@executable_path/Frameworks",
				);
				PRODUCT_BUNDLE_IDENTIFIER = "jp.techacademy.yo.sato.Hellow-World";
				PRODUCT_NAME = "$(TARGET_NAME)";
				SWIFT_VERSION = 5.0;
				TARGETED_DEVICE_FAMILY = "1,2";
			};
			name = Release;
		};
/* End XCBuildConfiguration section */

/* Begin XCConfigurationList section */
		18FCB0FA23EBDCDF005F85CC /* Build configuration list for PBXProject "Hellow World" */ = {
			isa = XCConfigurationList;
			buildConfigurations = (
				18FCB11123EBDCE6005F85CC /* Debug */,
				18FCB11223EBDCE6005F85CC /* Release */,
			);
			defaultConfigurationIsVisible = 0;
			defaultConfigurationName = Release;
		};
		18FCB11323EBDCE6005F85CC /* Build configuration list for PBXNativeTarget "Hellow World" */ = {
			isa = XCConfigurationList;
			buildConfigurations = (
				18FCB11423EBDCE6005F85CC /* Debug */,
				18FCB11523EBDCE6005F85CC /* Release */,
			);
			defaultConfigurationIsVisible = 0;
			defaultConfigurationName = Release;
		};
/* End XCConfigurationList section */
	};
	rootObject = 18FCB0F723EBDCDF005F85CC /* Project object */;
}
